
Microsoft Visual Studio Solution File, Format Version 12.00
# Visual Studio 14
VisualStudioVersion = 14.0.25123.0
MinimumVisualStudioVersion = 10.0.40219.1
Project("{FAE04EC0-301F-11D3-BF4B-00C04F79EFBC}") = "Ads", "Ads\Ads.csproj", "{68BEA0C6-9669-4AA7-B21A-FE807ECCBC83}"
EndProject
Project("{FAE04EC0-301F-11D3-BF4B-00C04F79EFBC}") = "Ads.Models", "Ads.Models\Ads.Models.csproj", "{34104C8C-1637-4158-9573-4AAD0418B47D}"
EndProject
Project("{FAE04EC0-301F-11D3-BF4B-00C04F79EFBC}") = "Ads.Data", "Ads.Data\Ads.Data.csproj", "{D83D20FC-0B07-4CEB-BB73-A0351FCA02A5}"
EndProject
Project("{FAE04EC0-301F-11D3-BF4B-00C04F79EFBC}") = "Ads.Common", "Ads.Common\Ads.Common.csproj", "{C2EAE97E-C8B6-4F8C-8C21-38822B632CB9}"
EndProject
Global
	GlobalSection(SolutionConfigurationPlatforms) = preSolution
		Debug|Any CPU = Debug|Any CPU
		Release|Any CPU = Release|Any CPU
	EndGlobalSection
	GlobalSection(ProjectConfigurationPlatforms) = postSolution
		{68BEA0C6-9669-4AA7-B21A-FE807ECCBC83}.Debug|Any CPU.ActiveCfg = Debug|Any CPU
		{68BEA0C6-9669-4AA7-B21A-FE807ECCBC83}.Debug|Any CPU.Build.0 = Debug|Any CPU
		{68BEA0C6-9669-4AA7-B21A-FE807ECCBC83}.Release|Any CPU.ActiveCfg = Release|Any CPU
		{68BEA0C6-9669-4AA7-B21A-FE807ECCBC83}.Release|Any CPU.Build.0 = Release|Any CPU
		{34104C8C-1637-4158-9573-4AAD0418B47D}.Debug|Any CPU.ActiveCfg = Debug|Any CPU
		{34104C8C-1637-4158-9573-4AAD0418B47D}.Debug|Any CPU.Build.0 = Debug|Any CPU
		{34104C8C-1637-4158-9573-4AAD0418B47D}.Release|Any CPU.ActiveCfg = Release|Any CPU
		{34104C8C-1637-4158-9573-4AAD0418B47D}.Release|Any CPU.Build.0 = Release|Any CPU
		{D83D20FC-0B07-4CEB-BB73-A0351FCA02A5}.Debug|Any CPU.ActiveCfg = Debug|Any CPU
		{D83D20FC-0B07-4CEB-BB73-A0351FCA02A5}.Debug|Any CPU.Build.0 = Debug|Any CPU
		{D83D20FC-0B07-4CEB-BB73-A0351FCA02A5}.Release|Any CPU.ActiveCfg = Release|Any CPU
		{D83D20FC-0B07-4CEB-BB73-A0351FCA02A5}.Release|Any CPU.Build.0 = Release|Any CPU
		{C2EAE97E-C8B6-4F8C-8C21-38822B632CB9}.Debug|Any CPU.ActiveCfg = Debug|Any CPU
		{C2EAE97E-C8B6-4F8C-8C21-38822B632CB9}.Debug|Any CPU.Build.0 = Debug|Any CPU
		{C2EAE97E-C8B6-4F8C-8C21-38822B632CB9}.Release|Any CPU.ActiveCfg = Release|Any CPU
		{C2EAE97E-C8B6-4F8C-8C21-38822B632CB9}.Release|Any CPU.Build.0 = Release|Any CPU
	EndGlobalSection
	GlobalSection(SolutionProperties) = preSolution
		HideSolutionNode = FALSE
	EndGlobalSection
EndGlobal
